
Microsoft Visual Studio Solution File, Format Version 12.00
# Visual Studio Version 16
VisualStudioVersion = 16.0.32901.82
MinimumVisualStudioVersion = 10.0.40219.1
Project("{9A19103F-16F7-4668-BE54-9A1E7A4F7556}") = "Asp.NetCore5.0_Movie_Project", "Asp.NetCore5.0_Movie_Project\Asp.NetCore5.0_Movie_Project.csproj", "{397ED8B4-FC09-4FFC-BF2F-970D1223B3CB}"
EndProject
Project("{FAE04EC0-301F-11D3-BF4B-00C04F79EFBC}") = "EntityLayer", "EntityLayer\EntityLayer.csproj", "{5C1F4404-BAA5-4370-99DD-2482F5581057}"
EndProject
Project("{FAE04EC0-301F-11D3-BF4B-00C04F79EFBC}") = "DataAccessLayer", "DataAccessLayer\DataAccessLayer.csproj", "{F4EA7E57-13C8-4A34-BA67-7728405F9987}"
EndProject
Project("{FAE04EC0-301F-11D3-BF4B-00C04F79EFBC}") = "BusinessLayer", "BusinessLayer\BusinessLayer.csproj", "{FF884878-C22A-4A11-8C35-CEFEF34412BE}"
EndProject
Project("{FAE04EC0-301F-11D3-BF4B-00C04F79EFBC}") = "CoreLayer", "CoreLayer\CoreLayer.csproj", "{0D14C32F-5646-48A8-885C-C89E807B1886}"
EndProject
Global
	GlobalSection(SolutionConfigurationPlatforms) = preSolution
		Debug|Any CPU = Debug|Any CPU
		Release|Any CPU = Release|Any CPU
	EndGlobalSection
	GlobalSection(ProjectConfigurationPlatforms) = postSolution
		{397ED8B4-FC09-4FFC-BF2F-970D1223B3CB}.Debug|Any CPU.ActiveCfg = Debug|Any CPU
		{397ED8B4-FC09-4FFC-BF2F-970D1223B3CB}.Debug|Any CPU.Build.0 = Debug|Any CPU
		{397ED8B4-FC09-4FFC-BF2F-970D1223B3CB}.Release|Any CPU.ActiveCfg = Release|Any CPU
		{397ED8B4-FC09-4FFC-BF2F-970D1223B3CB}.Release|Any CPU.Build.0 = Release|Any CPU
		{5C1F4404-BAA5-4370-99DD-2482F5581057}.Debug|Any CPU.ActiveCfg = Debug|Any CPU
		{5C1F4404-BAA5-4370-99DD-2482F5581057}.Debug|Any CPU.Build.0 = Debug|Any CPU
		{5C1F4404-BAA5-4370-99DD-2482F5581057}.Release|Any CPU.ActiveCfg = Release|Any CPU
		{5C1F4404-BAA5-4370-99DD-2482F5581057}.Release|Any CPU.Build.0 = Release|Any CPU
		{F4EA7E57-13C8-4A34-BA67-7728405F9987}.Debug|Any CPU.ActiveCfg = Debug|Any CPU
		{F4EA7E57-13C8-4A34-BA67-7728405F9987}.Debug|Any CPU.Build.0 = Debug|Any CPU
		{F4EA7E57-13C8-4A34-BA67-7728405F9987}.Release|Any CPU.ActiveCfg = Release|Any CPU
		{F4EA7E57-13C8-4A34-BA67-7728405F9987}.Release|Any CPU.Build.0 = Release|Any CPU
		{FF884878-C22A-4A11-8C35-CEFEF34412BE}.Debug|Any CPU.ActiveCfg = Debug|Any CPU
		{FF884878-C22A-4A11-8C35-CEFEF34412BE}.Debug|Any CPU.Build.0 = Debug|Any CPU
		{FF884878-C22A-4A11-8C35-CEFEF34412BE}.Release|Any CPU.ActiveCfg = Release|Any CPU
		{FF884878-C22A-4A11-8C35-CEFEF34412BE}.Release|Any CPU.Build.0 = Release|Any CPU
		{0D14C32F-5646-48A8-885C-C89E807B1886}.Debug|Any CPU.ActiveCfg = Debug|Any CPU
		{0D14C32F-5646-48A8-885C-C89E807B1886}.Debug|Any CPU.Build.0 = Debug|Any CPU
		{0D14C32F-5646-48A8-885C-C89E807B1886}.Release|Any CPU.ActiveCfg = Release|Any CPU
		{0D14C32F-5646-48A8-885C-C89E807B1886}.Release|Any CPU.Build.0 = Release|Any CPU
	EndGlobalSection
	GlobalSection(SolutionProperties) = preSolution
		HideSolutionNode = FALSE
	EndGlobalSection
	GlobalSection(ExtensibilityGlobals) = postSolution
		SolutionGuid = {6609070F-D495-44EA-8780-C718F7532383}
	EndGlobalSection
EndGlobal
